
Microsoft Visual Studio Solution File, Format Version 11.00
# Visual Studio 2010
Project("{8BC9CEB8-8B4A-11D0-8D11-00A0C91BC942}") = "PortableElmax_VS2010", "PortableElmax\PortableElmax_VS2010.vcxproj", "{84AFA599-CA52-4137-B287-4F2B12899CE2}"
EndProject
Project("{8BC9CEB8-8B4A-11D0-8D11-00A0C91BC942}") = "FileIO_VS2010", "FileIO\FileIO_VS2010.vcxproj", "{7C8DCB4B-1F99-4B79-A876-1C77D39E85AE}"
EndProject
Project("{8BC9CEB8-8B4A-11D0-8D11-00A0C91BC942}") = "PreVS2012UnitTestElmax_VS2010", "PreVS2012UnitTestElmax\PreVS2012UnitTestElmax_VS2010.vcxproj", "{04517160-207A-496E-9DB4-EAF148921551}"
EndProject
Project("{8BC9CEB8-8B4A-11D0-8D11-00A0C91BC942}") = "SequelMax_VS2010", "SequelMax\SequelMax_VS2010.vcxproj", "{25F6CD2D-4EED-45EF-942D-17A73F785EC6}"
EndProject
Project("{8BC9CEB8-8B4A-11D0-8D11-00A0C91BC942}") = "TestSequelMax_VS2010", "TestSequelMax\TestSequelMax_VS2010.vcxproj", "{86BA772C-F398-4F6A-8D1B-E2218DE224D8}"
	ProjectSection(ProjectDependencies) = postProject
		{25F6CD2D-4EED-45EF-942D-17A73F785EC6} = {25F6CD2D-4EED-45EF-942D-17A73F785EC6}
	EndProjectSection
EndProject
Global
	GlobalSection(SolutionConfigurationPlatforms) = preSolution
		Debug|Win32 = Debug|Win32
		Release|Win32 = Release|Win32
	EndGlobalSection
	GlobalSection(ProjectConfigurationPlatforms) = postSolution
		{84AFA599-CA52-4137-B287-4F2B12899CE2}.Debug|Win32.ActiveCfg = Debug|Win32
		{84AFA599-CA52-4137-B287-4F2B12899CE2}.Debug|Win32.Build.0 = Debug|Win32
		{84AFA599-CA52-4137-B287-4F2B12899CE2}.Release|Win32.ActiveCfg = Release|Win32
		{84AFA599-CA52-4137-B287-4F2B12899CE2}.Release|Win32.Build.0 = Release|Win32
		{7C8DCB4B-1F99-4B79-A876-1C77D39E85AE}.Debug|Win32.ActiveCfg = Debug|Win32
		{7C8DCB4B-1F99-4B79-A876-1C77D39E85AE}.Debug|Win32.Build.0 = Debug|Win32
		{7C8DCB4B-1F99-4B79-A876-1C77D39E85AE}.Release|Win32.ActiveCfg = Release|Win32
		{7C8DCB4B-1F99-4B79-A876-1C77D39E85AE}.Release|Win32.Build.0 = Release|Win32
		{04517160-207A-496E-9DB4-EAF148921551}.Debug|Win32.ActiveCfg = Debug|Win32
		{04517160-207A-496E-9DB4-EAF148921551}.Debug|Win32.Build.0 = Debug|Win32
		{04517160-207A-496E-9DB4-EAF148921551}.Release|Win32.ActiveCfg = Release|Win32
		{04517160-207A-496E-9DB4-EAF148921551}.Release|Win32.Build.0 = Release|Win32
		{25F6CD2D-4EED-45EF-942D-17A73F785EC6}.Debug|Win32.ActiveCfg = Debug|Win32
		{25F6CD2D-4EED-45EF-942D-17A73F785EC6}.Debug|Win32.Build.0 = Debug|Win32
		{25F6CD2D-4EED-45EF-942D-17A73F785EC6}.Release|Win32.ActiveCfg = Release|Win32
		{25F6CD2D-4EED-45EF-942D-17A73F785EC6}.Release|Win32.Build.0 = Release|Win32
		{86BA772C-F398-4F6A-8D1B-E2218DE224D8}.Debug|Win32.ActiveCfg = Debug|Win32
		{86BA772C-F398-4F6A-8D1B-E2218DE224D8}.Debug|Win32.Build.0 = Debug|Win32
		{86BA772C-F398-4F6A-8D1B-E2218DE224D8}.Release|Win32.ActiveCfg = Release|Win32
		{86BA772C-F398-4F6A-8D1B-E2218DE224D8}.Release|Win32.Build.0 = Release|Win32
	EndGlobalSection
	GlobalSection(SolutionProperties) = preSolution
		HideSolutionNode = FALSE
	EndGlobalSection
EndGlobal
