
Microsoft Visual Studio Solution File, Format Version 10.00
# Visual Studio 2008
Project("{8BC9CEB8-8B4A-11D0-8D11-00A0C91BC942}") = "PortableElmax_VS2008", "PortableElmax\PortableElmax_VS2008.vcproj", "{84AFA599-CA52-4137-B287-4F2B12899CE2}"
	ProjectSection(ProjectDependencies) = postProject
		{7C8DCB4B-1F99-4B79-A876-1C77D39E85AE} = {7C8DCB4B-1F99-4B79-A876-1C77D39E85AE}
	EndProjectSection
EndProject
Project("{8BC9CEB8-8B4A-11D0-8D11-00A0C91BC942}") = "FileIO_VS2008", "FileIO\FileIO_VS2008.vcproj", "{7C8DCB4B-1F99-4B79-A876-1C77D39E85AE}"
EndProject
Project("{8BC9CEB8-8B4A-11D0-8D11-00A0C91BC942}") = "PreVS2012UnitTestElmax_VS2008", "PreVS2012UnitTestElmax\PreVS2012UnitTestElmax_VS2008.vcproj", "{04517160-207A-496E-9DB4-EAF148921551}"
	ProjectSection(ProjectDependencies) = postProject
		{84AFA599-CA52-4137-B287-4F2B12899CE2} = {84AFA599-CA52-4137-B287-4F2B12899CE2}
	EndProjectSection
EndProject
Project("{8BC9CEB8-8B4A-11D0-8D11-00A0C91BC942}") = "SequelMax_VS2008", "SequelMax\SequelMax_VS2008.vcproj", "{0A62D830-C532-4EB1-831E-B323AE0C4E27}"
	ProjectSection(ProjectDependencies) = postProject
		{7C8DCB4B-1F99-4B79-A876-1C77D39E85AE} = {7C8DCB4B-1F99-4B79-A876-1C77D39E85AE}
	EndProjectSection
EndProject
Project("{8BC9CEB8-8B4A-11D0-8D11-00A0C91BC942}") = "TestSequelMax_VS2008", "TestSequelMax\TestSequelMax_VS2008.vcproj", "{17F5441C-4CD2-45EB-B19E-07B5116755EE}"
	ProjectSection(ProjectDependencies) = postProject
		{0A62D830-C532-4EB1-831E-B323AE0C4E27} = {0A62D830-C532-4EB1-831E-B323AE0C4E27}
	EndProjectSection
EndProject
Global
	GlobalSection(SolutionConfigurationPlatforms) = preSolution
		Debug|Win32 = Debug|Win32
		Debug|x64 = Debug|x64
		Release|Win32 = Release|Win32
		Release|x64 = Release|x64
	EndGlobalSection
	GlobalSection(ProjectConfigurationPlatforms) = postSolution
		{84AFA599-CA52-4137-B287-4F2B12899CE2}.Debug|Win32.ActiveCfg = Debug|Win32
		{84AFA599-CA52-4137-B287-4F2B12899CE2}.Debug|Win32.Build.0 = Debug|Win32
		{84AFA599-CA52-4137-B287-4F2B12899CE2}.Debug|x64.ActiveCfg = Debug|x64
		{84AFA599-CA52-4137-B287-4F2B12899CE2}.Release|Win32.ActiveCfg = Release|Win32
		{84AFA599-CA52-4137-B287-4F2B12899CE2}.Release|Win32.Build.0 = Release|Win32
		{84AFA599-CA52-4137-B287-4F2B12899CE2}.Release|x64.ActiveCfg = Release|x64
		{84AFA599-CA52-4137-B287-4F2B12899CE2}.Release|x64.Build.0 = Release|x64
		{7C8DCB4B-1F99-4B79-A876-1C77D39E85AE}.Debug|Win32.ActiveCfg = Debug|Win32
		{7C8DCB4B-1F99-4B79-A876-1C77D39E85AE}.Debug|Win32.Build.0 = Debug|Win32
		{7C8DCB4B-1F99-4B79-A876-1C77D39E85AE}.Debug|x64.ActiveCfg = Debug|x64
		{7C8DCB4B-1F99-4B79-A876-1C77D39E85AE}.Debug|x64.Build.0 = Debug|x64
		{7C8DCB4B-1F99-4B79-A876-1C77D39E85AE}.Release|Win32.ActiveCfg = Release|Win32
		{7C8DCB4B-1F99-4B79-A876-1C77D39E85AE}.Release|Win32.Build.0 = Release|Win32
		{7C8DCB4B-1F99-4B79-A876-1C77D39E85AE}.Release|x64.ActiveCfg = Release|x64
		{7C8DCB4B-1F99-4B79-A876-1C77D39E85AE}.Release|x64.Build.0 = Release|x64
		{04517160-207A-496E-9DB4-EAF148921551}.Debug|Win32.ActiveCfg = Debug|Win32
		{04517160-207A-496E-9DB4-EAF148921551}.Debug|Win32.Build.0 = Debug|Win32
		{04517160-207A-496E-9DB4-EAF148921551}.Debug|x64.ActiveCfg = Debug|x64
		{04517160-207A-496E-9DB4-EAF148921551}.Release|Win32.ActiveCfg = Release|Win32
		{04517160-207A-496E-9DB4-EAF148921551}.Release|Win32.Build.0 = Release|Win32
		{04517160-207A-496E-9DB4-EAF148921551}.Release|x64.ActiveCfg = Release|x64
		{04517160-207A-496E-9DB4-EAF148921551}.Release|x64.Build.0 = Release|x64
		{0A62D830-C532-4EB1-831E-B323AE0C4E27}.Debug|Win32.ActiveCfg = Debug|Win32
		{0A62D830-C532-4EB1-831E-B323AE0C4E27}.Debug|Win32.Build.0 = Debug|Win32
		{0A62D830-C532-4EB1-831E-B323AE0C4E27}.Debug|x64.ActiveCfg = Debug|Win32
		{0A62D830-C532-4EB1-831E-B323AE0C4E27}.Release|Win32.ActiveCfg = Release|Win32
		{0A62D830-C532-4EB1-831E-B323AE0C4E27}.Release|Win32.Build.0 = Release|Win32
		{0A62D830-C532-4EB1-831E-B323AE0C4E27}.Release|x64.ActiveCfg = Release|Win32
		{17F5441C-4CD2-45EB-B19E-07B5116755EE}.Debug|Win32.ActiveCfg = Debug|Win32
		{17F5441C-4CD2-45EB-B19E-07B5116755EE}.Debug|Win32.Build.0 = Debug|Win32
		{17F5441C-4CD2-45EB-B19E-07B5116755EE}.Debug|x64.ActiveCfg = Debug|Win32
		{17F5441C-4CD2-45EB-B19E-07B5116755EE}.Release|Win32.ActiveCfg = Release|Win32
		{17F5441C-4CD2-45EB-B19E-07B5116755EE}.Release|Win32.Build.0 = Release|Win32
		{17F5441C-4CD2-45EB-B19E-07B5116755EE}.Release|x64.ActiveCfg = Release|Win32
	EndGlobalSection
	GlobalSection(SolutionProperties) = preSolution
		HideSolutionNode = FALSE
	EndGlobalSection
EndGlobal
